
Microsoft Visual Studio Solution File, Format Version 12.00
# Visual Studio Version 17
VisualStudioVersion = 17.0.32112.339
MinimumVisualStudioVersion = 10.0.40219.1
Project("{8BC9CEB8-8B4A-11D0-8D11-00A0C91BC942}") = "Project EC Password Optimization", "Project EC Password Optimization\Project EC Password Optimization.vcxproj", "{917E2C1F-305C-4588-A193-705158891ABA}"
EndProject
Global
	GlobalSection(SolutionConfigurationPlatforms) = preSolution
		Debug|x64 = Debug|x64
		Debug|x86 = Debug|x86
		Release|x64 = Release|x64
		Release|x86 = Release|x86
	EndGlobalSection
	GlobalSection(ProjectConfigurationPlatforms) = postSolution
		{917E2C1F-305C-4588-A193-705158891ABA}.Debug|x64.ActiveCfg = Debug|x64
		{917E2C1F-305C-4588-A193-705158891ABA}.Debug|x64.Build.0 = Debug|x64
		{917E2C1F-305C-4588-A193-705158891ABA}.Debug|x86.ActiveCfg = Debug|Win32
		{917E2C1F-305C-4588-A193-705158891ABA}.Debug|x86.Build.0 = Debug|Win32
		{917E2C1F-305C-4588-A193-705158891ABA}.Release|x64.ActiveCfg = Release|x64
		{917E2C1F-305C-4588-A193-705158891ABA}.Release|x64.Build.0 = Release|x64
		{917E2C1F-305C-4588-A193-705158891ABA}.Release|x86.ActiveCfg = Release|Win32
		{917E2C1F-305C-4588-A193-705158891ABA}.Release|x86.Build.0 = Release|Win32
	EndGlobalSection
	GlobalSection(SolutionProperties) = preSolution
		HideSolutionNode = FALSE
	EndGlobalSection
	GlobalSection(ExtensibilityGlobals) = postSolution
		SolutionGuid = {33E59F4D-5C03-4EFF-B897-D7A9DC9EE3E9}
	EndGlobalSection
EndGlobal
